// !$*UTF8*$!
{
	archiveVersion = 1;
	classes = {
	};
	objectVersion = 56;
	objects = {

/* Begin PBXBuildFile section */
		2BBF11D02C19C89C0034A84B /* ObservableObjectExampleApp.swift in Sources */ = {isa = PBXBuildFile; fileRef = 2BBF11CF2C19C89C0034A84B /* ObservableObjectExampleApp.swift */; };
		2BBF11D22C19C89C0034A84B /* ContentView.swift in Sources */ = {isa = PBXBuildFile; fileRef = 2BBF11D12C19C89C0034A84B /* ContentView.swift */; };
		2BBF11D42C19C89D0034A84B /* Assets.xcassets in Resources */ = {isa = PBXBuildFile; fileRef = 2BBF11D32C19C89D0034A84B /* Assets.xcassets */; };
		2BBF11D82C19C89D0034A84B /* Preview Assets.xcassets in Resources */ = {isa = PBXBuildFile; fileRef = 2BBF11D72C19C89D0034A84B /* Preview Assets.xcassets */; };
/* End PBXBuildFile section */

/* Begin PBXContainerItemProxy section */
		2BBF11DE2C19C89D0034A84B /* PBXContainerItemProxy */ = {
			isa = PBXContainerItemProxy;
			containerPortal = 2BBF11C42C19C89C0034A84B /* Project object */;
			proxyType = 1;
			remoteGlobalIDString = 2BBF11CB2C19C89C0034A84B;
			remoteInfo = ObservableObjectExample;
		};
		2BBF11E82C19C89D0034A84B /* PBXContainerItemProxy */ = {
			isa = PBXContainerItemProxy;
			containerPortal = 2BBF11C42C19C89C0034A84B /* Project object */;
			proxyType = 1;
			remoteGlobalIDString = 2BBF11CB2C19C89C0034A84B;
			remoteInfo = ObservableObjectExample;
		};
/* End PBXContainerItemProxy section */

/* Begin PBXFileReference section */
		2BBF11CC2C19C89C0034A84B /* ObservableObjectExample.app */ = {isa = PBXFileReference; explicitFileType = wrapper.application; includeInIndex = 0; path = ObservableObjectExample.app; sourceTree = BUILT_PRODUCTS_DIR; };
		2BBF11CF2C19C89C0034A84B /* ObservableObjectExampleApp.swift */ = {isa = PBXFileReference; lastKnownFileType = sourcecode.swift; path = ObservableObjectExampleApp.swift; sourceTree = "<group>"; };
		2BBF11D12C19C89C0034A84B /* ContentView.swift */ = {isa = PBXFileReference; lastKnownFileType = sourcecode.swift; path = ContentView.swift; sourceTree = "<group>"; };
		2BBF11D32C19C89D0034A84B /* Assets.xcassets */ = {isa = PBXFileReference; lastKnownFileType = folder.assetcatalog; path = Assets.xcassets; sourceTree = "<group>"; };
		2BBF11D52C19C89D0034A84B /* ObservableObjectExample.entitlements */ = {isa = PBXFileReference; lastKnownFileType = text.plist.entitlements; path = ObservableObjectExample.entitlements; sourceTree = "<group>"; };
		2BBF11D72C19C89D0034A84B /* Preview Assets.xcassets */ = {isa = PBXFileReference; lastKnownFileType = folder.assetcatalog; path = "Preview Assets.xcassets"; sourceTree = "<group>"; };
		2BBF11DD2C19C89D0034A84B /* ObservableObjectExampleTests.xctest */ = {isa = PBXFileReference; explicitFileType = wrapper.cfbundle; includeInIndex = 0; path = ObservableObjectExampleTests.xctest; sourceTree = BUILT_PRODUCTS_DIR; };
		2BBF11E72C19C89D0034A84B /* ObservableObjectExampleUITests.xctest */ = {isa = PBXFileReference; explicitFileType = wrapper.cfbundle; includeInIndex = 0; path = ObservableObjectExampleUITests.xctest; sourceTree = BUILT_PRODUCTS_DIR; };
/* End PBXFileReference section */

/* Begin PBXFrameworksBuildPhase section */
		2BBF11C92C19C89C0034A84B /* Frameworks */ = {
			isa = PBXFrameworksBuildPhase;
			buildActionMask = 2147483647;
			files = (
			);
			runOnlyForDeploymentPostprocessing = 0;
		};
		2BBF11DA2C19C89D0034A84B /* Frameworks */ = {
			isa = PBXFrameworksBuildPhase;
			buildActionMask = 2147483647;
			files = (
			);
			runOnlyForDeploymentPostprocessing = 0;
		};
		2BBF11E42C19C89D0034A84B /* Frameworks */ = {
			isa = PBXFrameworksBuildPhase;
			buildActionMask = 2147483647;
			files = (
			);
			runOnlyForDeploymentPostprocessing = 0;
		};
/* End PBXFrameworksBuildPhase section */

/* Begin PBXGroup section */
		2BBF11C32C19C89C0034A84B = {
			isa = PBXGroup;
			children = (
				2BBF11CE2C19C89C0034A84B /* ObservableObjectExample */,
				2BBF11CD2C19C89C0034A84B /* Products */,
			);
			sourceTree = "<group>";
		};
		2BBF11CD2C19C89C0034A84B /* Products */ = {
			isa = PBXGroup;
			children = (
				2BBF11CC2C19C89C0034A84B /* ObservableObjectExample.app */,
				2BBF11DD2C19C89D0034A84B /* ObservableObjectExampleTests.xctest */,
				2BBF11E72C19C89D0034A84B /* ObservableObjectExampleUITests.xctest */,
			);
			name = Products;
			sourceTree = "<group>";
		};
		2BBF11CE2C19C89C0034A84B /* ObservableObjectExample */ = {
			isa = PBXGroup;
			children = (
				2BBF11CF2C19C89C0034A84B /* ObservableObjectExampleApp.swift */,
				2BBF11D12C19C89C0034A84B /* ContentView.swift */,
				2BBF11D32C19C89D0034A84B /* Assets.xcassets */,
				2BBF11D52C19C89D0034A84B /* ObservableObjectExample.entitlements */,
				2BBF11D62C19C89D0034A84B /* Preview Content */,
			);
			path = ObservableObjectExample;
			sourceTree = "<group>";
		};
		2BBF11D62C19C89D0034A84B /* Preview Content */ = {
			isa = PBXGroup;
			children = (
				2BBF11D72C19C89D0034A84B /* Preview Assets.xcassets */,
			);
			path = "Preview Content";
			sourceTree = "<group>";
		};
/* End PBXGroup section */

/* Begin PBXNativeTarget section */
		2BBF11CB2C19C89C0034A84B /* ObservableObjectExample */ = {
			isa = PBXNativeTarget;
			buildConfigurationList = 2BBF11F12C19C89D0034A84B /* Build configuration list for PBXNativeTarget "ObservableObjectExample" */;
			buildPhases = (
				2BBF11C82C19C89C0034A84B /* Sources */,
				2BBF11C92C19C89C0034A84B /* Frameworks */,
				2BBF11CA2C19C89C0034A84B /* Resources */,
			);
			buildRules = (
			);
			dependencies = (
			);
			name = ObservableObjectExample;
			productName = ObservableObjectExample;
			productReference = 2BBF11CC2C19C89C0034A84B /* ObservableObjectExample.app */;
			productType = "com.apple.product-type.application";
		};
		2BBF11DC2C19C89D0034A84B /* ObservableObjectExampleTests */ = {
			isa = PBXNativeTarget;
			buildConfigurationList = 2BBF11F42C19C89D0034A84B /* Build configuration list for PBXNativeTarget "ObservableObjectExampleTests" */;
			buildPhases = (
				2BBF11D92C19C89D0034A84B /* Sources */,
				2BBF11DA2C19C89D0034A84B /* Frameworks */,
				2BBF11DB2C19C89D0034A84B /* Resources */,
			);
			buildRules = (
			);
			dependencies = (
				2BBF11DF2C19C89D0034A84B /* PBXTargetDependency */,
			);
			name = ObservableObjectExampleTests;
			productName = ObservableObjectExampleTests;
			productReference = 2BBF11DD2C19C89D0034A84B /* ObservableObjectExampleTests.xctest */;
			productType = "com.apple.product-type.bundle.unit-test";
		};
		2BBF11E62C19C89D0034A84B /* ObservableObjectExampleUITests */ = {
			isa = PBXNativeTarget;
			buildConfigurationList = 2BBF11F72C19C89D0034A84B /* Build configuration list for PBXNativeTarget "ObservableObjectExampleUITests" */;
			buildPhases = (
				2BBF11E32C19C89D0034A84B /* Sources */,
				2BBF11E42C19C89D0034A84B /* Frameworks */,
				2BBF11E52C19C89D0034A84B /* Resources */,
			);
			buildRules = (
			);
			dependencies = (
				2BBF11E92C19C89D0034A84B /* PBXTargetDependency */,
			);
			name = ObservableObjectExampleUITests;
			productName = ObservableObjectExampleUITests;
			productReference = 2BBF11E72C19C89D0034A84B /* ObservableObjectExampleUITests.xctest */;
			productType = "com.apple.product-type.bundle.ui-testing";
		};
/* End PBXNativeTarget section */

/* Begin PBXProject section */
		2BBF11C42C19C89C0034A84B /* Project object */ = {
			isa = PBXProject;
			attributes = {
				BuildIndependentTargetsInParallel = 1;
				LastSwiftUpdateCheck = 1540;
				LastUpgradeCheck = 1540;
				TargetAttributes = {
					2BBF11CB2C19C89C0034A84B = {
						CreatedOnToolsVersion = 15.4;
					};
					2BBF11DC2C19C89D0034A84B = {
						CreatedOnToolsVersion = 15.4;
						TestTargetID = 2BBF11CB2C19C89C0034A84B;
					};
					2BBF11E62C19C89D0034A84B = {
						CreatedOnToolsVersion = 15.4;
						TestTargetID = 2BBF11CB2C19C89C0034A84B;
					};
				};
			};
			buildConfigurationList = 2BBF11C72C19C89C0034A84B /* Build configuration list for PBXProject "ObservableObjectExample" */;
			compatibilityVersion = "Xcode 14.0";
			developmentRegion = en;
			hasScannedForEncodings = 0;
			knownRegions = (
				en,
				Base,
			);
			mainGroup = 2BBF11C32C19C89C0034A84B;
			productRefGroup = 2BBF11CD2C19C89C0034A84B /* Products */;
			projectDirPath = "";
			projectRoot = "";
			targets = (
				2BBF11CB2C19C89C0034A84B /* ObservableObjectExample */,
				2BBF11DC2C19C89D0034A84B /* ObservableObjectExampleTests */,
				2BBF11E62C19C89D0034A84B /* ObservableObjectExampleUITests */,
			);
		};
/* End PBXProject section */

/* Begin PBXResourcesBuildPhase section */
		2BBF11CA2C19C89C0034A84B /* Resources */ = {
			isa = PBXResourcesBuildPhase;
			buildActionMask = 2147483647;
			files = (
				2BBF11D82C19C89D0034A84B /* Preview Assets.xcassets in Resources */,
				2BBF11D42C19C89D0034A84B /* Assets.xcassets in Resources */,
			);
			runOnlyForDeploymentPostprocessing = 0;
		};
		2BBF11DB2C19C89D0034A84B /* Resources */ = {
			isa = PBXResourcesBuildPhase;
			buildActionMask = 2147483647;
			files = (
			);
			runOnlyForDeploymentPostprocessing = 0;
		};
		2BBF11E52C19C89D0034A84B /* Resources */ = {
			isa = PBXResourcesBuildPhase;
			buildActionMask = 2147483647;
			files = (
			);
			runOnlyForDeploymentPostprocessing = 0;
		};
/* End PBXResourcesBuildPhase section */

/* Begin PBXSourcesBuildPhase section */
		2BBF11C82C19C89C0034A84B /* Sources */ = {
			isa = PBXSourcesBuildPhase;
			buildActionMask = 2147483647;
			files = (
				2BBF11D22C19C89C0034A84B /* ContentView.swift in Sources */,
				2BBF11D02C19C89C0034A84B /* ObservableObjectExampleApp.swift in Sources */,
			);
			runOnlyForDeploymentPostprocessing = 0;
		};
		2BBF11D92C19C89D0034A84B /* Sources */ = {
			isa = PBXSourcesBuildPhase;
			buildActionMask = 2147483647;
			files = (
			);
			runOnlyForDeploymentPostprocessing = 0;
		};
		2BBF11E32C19C89D0034A84B /* Sources */ = {
			isa = PBXSourcesBuildPhase;
			buildActionMask = 2147483647;
			files = (
			);
			runOnlyForDeploymentPostprocessing = 0;
		};
/* End PBXSourcesBuildPhase section */

/* Begin PBXTargetDependency section */
		2BBF11DF2C19C89D0034A84B /* PBXTargetDependency */ = {
			isa = PBXTargetDependency;
			target = 2BBF11CB2C19C89C0034A84B /* ObservableObjectExample */;
			targetProxy = 2BBF11DE2C19C89D0034A84B /* PBXContainerItemProxy */;
		};
		2BBF11E92C19C89D0034A84B /* PBXTargetDependency */ = {
			isa = PBXTargetDependency;
			target = 2BBF11CB2C19C89C0034A84B /* ObservableObjectExample */;
			targetProxy = 2BBF11E82C19C89D0034A84B /* PBXContainerItemProxy */;
		};
/* End PBXTargetDependency section */

/* Begin XCBuildConfiguration section */
		2BBF11EF2C19C89D0034A84B /* Debug */ = {
			isa = XCBuildConfiguration;
			buildSettings = {
				ALWAYS_SEARCH_USER_PATHS = NO;
				ASSETCATALOG_COMPILER_GENERATE_SWIFT_ASSET_SYMBOL_EXTENSIONS = YES;
				CLANG_ANALYZER_NONNULL = YES;
				CLANG_ANALYZER_NUMBER_OBJECT_CONVERSION = YES_AGGRESSIVE;
				CLANG_CXX_LANGUAGE_STANDARD = "gnu++20";
				CLANG_ENABLE_MODULES = YES;
				CLANG_ENABLE_OBJC_ARC = YES;
				CLANG_ENABLE_OBJC_WEAK = YES;
				CLANG_WARN_BLOCK_CAPTURE_AUTORELEASING = YES;
				CLANG_WARN_BOOL_CONVERSION = YES;
				CLANG_WARN_COMMA = YES;
				CLANG_WARN_CONSTANT_CONVERSION = YES;
				CLANG_WARN_DEPRECATED_OBJC_IMPLEMENTATIONS = YES;
				CLANG_WARN_DIRECT_OBJC_ISA_USAGE = YES_ERROR;
				CLANG_WARN_DOCUMENTATION_COMMENTS = YES;
				CLANG_WARN_EMPTY_BODY = YES;
				CLANG_WARN_ENUM_CONVERSION = YES;
				CLANG_WARN_INFINITE_RECURSION = YES;
				CLANG_WARN_INT_CONVERSION = YES;
				CLANG_WARN_NON_LITERAL_NULL_CONVERSION = YES;
				CLANG_WARN_OBJC_IMPLICIT_RETAIN_SELF = YES;
				CLANG_WARN_OBJC_LITERAL_CONVERSION = YES;
				CLANG_WARN_OBJC_ROOT_CLASS = YES_ERROR;
				CLANG_WARN_QUOTED_INCLUDE_IN_FRAMEWORK_HEADER = YES;
				CLANG_WARN_RANGE_LOOP_ANALYSIS = YES;
				CLANG_WARN_STRICT_PROTOTYPES = YES;
				CLANG_WARN_SUSPICIOUS_MOVE = YES;
				CLANG_WARN_UNGUARDED_AVAILABILITY = YES_AGGRESSIVE;
				CLANG_WARN_UNREACHABLE_CODE = YES;
				CLANG_WARN__DUPLICATE_METHOD_MATCH = YES;
				COPY_PHASE_STRIP = NO;
				DEBUG_INFORMATION_FORMAT = dwarf;
				ENABLE_STRICT_OBJC_MSGSEND = YES;
				ENABLE_TESTABILITY = YES;
				ENABLE_USER_SCRIPT_SANDBOXING = YES;
				GCC_C_LANGUAGE_STANDARD = gnu17;
				GCC_DYNAMIC_NO_PIC = NO;
				GCC_NO_COMMON_BLOCKS = YES;
				GCC_OPTIMIZATION_LEVEL = 0;
				GCC_PREPROCESSOR_DEFINITIONS = (
					"DEBUG=1",
					"$(inherited)",
				);
				GCC_WARN_64_TO_32_BIT_CONVERSION = YES;
				GCC_WARN_ABOUT_RETURN_TYPE = YES_ERROR;
				GCC_WARN_UNDECLARED_SELECTOR = YES;
				GCC_WARN_UNINITIALIZED_AUTOS = YES_AGGRESSIVE;
				GCC_WARN_UNUSED_FUNCTION = YES;
				GCC_WARN_UNUSED_VARIABLE = YES;
				LOCALIZATION_PREFERS_STRING_CATALOGS = YES;
				MTL_ENABLE_DEBUG_INFO = INCLUDE_SOURCE;
				MTL_FAST_MATH = YES;
				ONLY_ACTIVE_ARCH = YES;
				SWIFT_ACTIVE_COMPILATION_CONDITIONS = "DEBUG $(inherited)";
				SWIFT_OPTIMIZATION_LEVEL = "-Onone";
			};
			name = Debug;
		};
		2BBF11F02C19C89D0034A84B /* Release */ = {
			isa = XCBuildConfiguration;
			buildSettings = {
				ALWAYS_SEARCH_USER_PATHS = NO;
				ASSETCATALOG_COMPILER_GENERATE_SWIFT_ASSET_SYMBOL_EXTENSIONS = YES;
				CLANG_ANALYZER_NONNULL = YES;
				CLANG_ANALYZER_NUMBER_OBJECT_CONVERSION = YES_AGGRESSIVE;
				CLANG_CXX_LANGUAGE_STANDARD = "gnu++20";
				CLANG_ENABLE_MODULES = YES;
				CLANG_ENABLE_OBJC_ARC = YES;
				CLANG_ENABLE_OBJC_WEAK = YES;
				CLANG_WARN_BLOCK_CAPTURE_AUTORELEASING = YES;
				CLANG_WARN_BOOL_CONVERSION = YES;
				CLANG_WARN_COMMA = YES;
				CLANG_WARN_CONSTANT_CONVERSION = YES;
				CLANG_WARN_DEPRECATED_OBJC_IMPLEMENTATIONS = YES;
				CLANG_WARN_DIRECT_OBJC_ISA_USAGE = YES_ERROR;
				CLANG_WARN_DOCUMENTATION_COMMENTS = YES;
				CLANG_WARN_EMPTY_BODY = YES;
				CLANG_WARN_ENUM_CONVERSION = YES;
				CLANG_WARN_INFINITE_RECURSION = YES;
				CLANG_WARN_INT_CONVERSION = YES;
				CLANG_WARN_NON_LITERAL_NULL_CONVERSION = YES;
				CLANG_WARN_OBJC_IMPLICIT_RETAIN_SELF = YES;
				CLANG_WARN_OBJC_LITERAL_CONVERSION = YES;
				CLANG_WARN_OBJC_ROOT_CLASS = YES_ERROR;
				CLANG_WARN_QUOTED_INCLUDE_IN_FRAMEWORK_HEADER = YES;
				CLANG_WARN_RANGE_LOOP_ANALYSIS = YES;
				CLANG_WARN_STRICT_PROTOTYPES = YES;
				CLANG_WARN_SUSPICIOUS_MOVE = YES;
				CLANG_WARN_UNGUARDED_AVAILABILITY = YES_AGGRESSIVE;
				CLANG_WARN_UNREACHABLE_CODE = YES;
				CLANG_WARN__DUPLICATE_METHOD_MATCH = YES;
				COPY_PHASE_STRIP = NO;
				DEBUG_INFORMATION_FORMAT = "dwarf-with-dsym";
				ENABLE_NS_ASSERTIONS = NO;
				ENABLE_STRICT_OBJC_MSGSEND = YES;
				ENABLE_USER_SCRIPT_SANDBOXING = YES;
				GCC_C_LANGUAGE_STANDARD = gnu17;
				GCC_NO_COMMON_BLOCKS = YES;
				GCC_WARN_64_TO_32_BIT_CONVERSION = YES;
				GCC_WARN_ABOUT_RETURN_TYPE = YES_ERROR;
				GCC_WARN_UNDECLARED_SELECTOR = YES;
				GCC_WARN_UNINITIALIZED_AUTOS = YES_AGGRESSIVE;
				GCC_WARN_UNUSED_FUNCTION = YES;
				GCC_WARN_UNUSED_VARIABLE = YES;
				LOCALIZATION_PREFERS_STRING_CATALOGS = YES;
				MTL_ENABLE_DEBUG_INFO = NO;
				MTL_FAST_MATH = YES;
				SWIFT_COMPILATION_MODE = wholemodule;
			};
			name = Release;
		};
		2BBF11F22C19C89D0034A84B /* Debug */ = {
			isa = XCBuildConfiguration;
			buildSettings = {
				ASSETCATALOG_COMPILER_APPICON_NAME = AppIcon;
				ASSETCATALOG_COMPILER_GLOBAL_ACCENT_COLOR_NAME = AccentColor;
				CODE_SIGN_ENTITLEMENTS = ObservableObjectExample/ObservableObjectExample.entitlements;
				CODE_SIGN_STYLE = Automatic;
				CURRENT_PROJECT_VERSION = 1;
				DEVELOPMENT_ASSET_PATHS = "\"ObservableObjectExample/Preview Content\"";
				DEVELOPMENT_TEAM = 8HM2XMG9QM;
				ENABLE_PREVIEWS = YES;
				GENERATE_INFOPLIST_FILE = YES;
				"INFOPLIST_KEY_UIApplicationSceneManifest_Generation[sdk=iphoneos*]" = YES;
				"INFOPLIST_KEY_UIApplicationSceneManifest_Generation[sdk=iphonesimulator*]" = YES;
				"INFOPLIST_KEY_UIApplicationSupportsIndirectInputEvents[sdk=iphoneos*]" = YES;
				"INFOPLIST_KEY_UIApplicationSupportsIndirectInputEvents[sdk=iphonesimulator*]" = YES;
				"INFOPLIST_KEY_UILaunchScreen_Generation[sdk=iphoneos*]" = YES;
				"INFOPLIST_KEY_UILaunchScreen_Generation[sdk=iphonesimulator*]" = YES;
				"INFOPLIST_KEY_UIStatusBarStyle[sdk=iphoneos*]" = UIStatusBarStyleDefault;
				"INFOPLIST_KEY_UIStatusBarStyle[sdk=iphonesimulator*]" = UIStatusBarStyleDefault;
				INFOPLIST_KEY_UISupportedInterfaceOrientations_iPad = "UIInterfaceOrientationPortrait UIInterfaceOrientationPortraitUpsideDown UIInterfaceOrientationLandscapeLeft UIInterfaceOrientationLandscapeRight";
				INFOPLIST_KEY_UISupportedInterfaceOrientations_iPhone = "UIInterfaceOrientationPortrait UIInterfaceOrientationLandscapeLeft UIInterfaceOrientationLandscapeRight";
				IPHONEOS_DEPLOYMENT_TARGET = 17.5;
				LD_RUNPATH_SEARCH_PATHS = "@executable_path/Frameworks";
				"LD_RUNPATH_SEARCH_PATHS[sdk=macosx*]" = "@executable_path/../Frameworks";
				MACOSX_DEPLOYMENT_TARGET = 14.5;
				MARKETING_VERSION = 1.0;
				PRODUCT_BUNDLE_IDENTIFIER = ObservableObjectExample.ObservableObjectExample;
				PRODUCT_NAME = "$(TARGET_NAME)";
				SDKROOT = auto;
				SUPPORTED_PLATFORMS = "iphoneos iphonesimulator macosx";
				SWIFT_EMIT_LOC_STRINGS = YES;
				SWIFT_VERSION = 5.0;
				TARGETED_DEVICE_FAMILY = "1,2";
			};
			name = Debug;
		};
		2BBF11F32C19C89D0034A84B /* Release */ = {
			isa = XCBuildConfiguration;
			buildSettings = {
				ASSETCATALOG_COMPILER_APPICON_NAME = AppIcon;
				ASSETCATALOG_COMPILER_GLOBAL_ACCENT_COLOR_NAME = AccentColor;
				CODE_SIGN_ENTITLEMENTS = ObservableObjectExample/ObservableObjectExample.entitlements;
				CODE_SIGN_STYLE = Automatic;
				CURRENT_PROJECT_VERSION = 1;
				DEVELOPMENT_ASSET_PATHS = "\"ObservableObjectExample/Preview Content\"";
				DEVELOPMENT_TEAM = 8HM2XMG9QM;
				ENABLE_PREVIEWS = YES;
				GENERATE_INFOPLIST_FILE = YES;
				"INFOPLIST_KEY_UIApplicationSceneManifest_Generation[sdk=iphoneos*]" = YES;
				"INFOPLIST_KEY_UIApplicationSceneManifest_Generation[sdk=iphonesimulator*]" = YES;
				"INFOPLIST_KEY_UIApplicationSupportsIndirectInputEvents[sdk=iphoneos*]" = YES;
				"INFOPLIST_KEY_UIApplicationSupportsIndirectInputEvents[sdk=iphonesimulator*]" = YES;
				"INFOPLIST_KEY_UILaunchScreen_Generation[sdk=iphoneos*]" = YES;
				"INFOPLIST_KEY_UILaunchScreen_Generation[sdk=iphonesimulator*]" = YES;
				"INFOPLIST_KEY_UIStatusBarStyle[sdk=iphoneos*]" = UIStatusBarStyleDefault;
				"INFOPLIST_KEY_UIStatusBarStyle[sdk=iphonesimulator*]" = UIStatusBarStyleDefault;
				INFOPLIST_KEY_UISupportedInterfaceOrientations_iPad = "UIInterfaceOrientationPortrait UIInterfaceOrientationPortraitUpsideDown UIInterfaceOrientationLandscapeLeft UIInterfaceOrientationLandscapeRight";
				INFOPLIST_KEY_UISupportedInterfaceOrientations_iPhone = "UIInterfaceOrientationPortrait UIInterfaceOrientationLandscapeLeft UIInterfaceOrientationLandscapeRight";
				IPHONEOS_DEPLOYMENT_TARGET = 17.5;
				LD_RUNPATH_SEARCH_PATHS = "@executable_path/Frameworks";
				"LD_RUNPATH_SEARCH_PATHS[sdk=macosx*]" = "@executable_path/../Frameworks";
				MACOSX_DEPLOYMENT_TARGET = 14.5;
				MARKETING_VERSION = 1.0;
				PRODUCT_BUNDLE_IDENTIFIER = ObservableObjectExample.ObservableObjectExample;
				PRODUCT_NAME = "$(TARGET_NAME)";
				SDKROOT = auto;
				SUPPORTED_PLATFORMS = "iphoneos iphonesimulator macosx";
				SWIFT_EMIT_LOC_STRINGS = YES;
				SWIFT_VERSION = 5.0;
				TARGETED_DEVICE_FAMILY = "1,2";
			};
			name = Release;
		};
		2BBF11F52C19C89D0034A84B /* Debug */ = {
			isa = XCBuildConfiguration;
			buildSettings = {
				ALWAYS_EMBED_SWIFT_STANDARD_LIBRARIES = YES;
				BUNDLE_LOADER = "$(TEST_HOST)";
				CODE_SIGN_STYLE = Automatic;
				CURRENT_PROJECT_VERSION = 1;
				GENERATE_INFOPLIST_FILE = YES;
				IPHONEOS_DEPLOYMENT_TARGET = 17.5;
				MACOSX_DEPLOYMENT_TARGET = 14.5;
				MARKETING_VERSION = 1.0;
				PRODUCT_BUNDLE_IDENTIFIER = ObservableObjectExample.ObservableObjectExampleTests;
				PRODUCT_NAME = "$(TARGET_NAME)";
				SDKROOT = auto;
				SUPPORTED_PLATFORMS = "iphoneos iphonesimulator macosx";
				SWIFT_EMIT_LOC_STRINGS = NO;
				SWIFT_VERSION = 5.0;
				TARGETED_DEVICE_FAMILY = "1,2";
				TEST_HOST = "$(BUILT_PRODUCTS_DIR)/ObservableObjectExample.app/$(BUNDLE_EXECUTABLE_FOLDER_PATH)/ObservableObjectExample";
			};
			name = Debug;
		};
		2BBF11F62C19C89D0034A84B /* Release */ = {
			isa = XCBuildConfiguration;
			buildSettings = {
				ALWAYS_EMBED_SWIFT_STANDARD_LIBRARIES = YES;
				BUNDLE_LOADER = "$(TEST_HOST)";
				CODE_SIGN_STYLE = Automatic;
				CURRENT_PROJECT_VERSION = 1;
				GENERATE_INFOPLIST_FILE = YES;
				IPHONEOS_DEPLOYMENT_TARGET = 17.5;
				MACOSX_DEPLOYMENT_TARGET = 14.5;
				MARKETING_VERSION = 1.0;
				PRODUCT_BUNDLE_IDENTIFIER = ObservableObjectExample.ObservableObjectExampleTests;
				PRODUCT_NAME = "$(TARGET_NAME)";
				SDKROOT = auto;
				SUPPORTED_PLATFORMS = "iphoneos iphonesimulator macosx";
				SWIFT_EMIT_LOC_STRINGS = NO;
				SWIFT_VERSION = 5.0;
				TARGETED_DEVICE_FAMILY = "1,2";
				TEST_HOST = "$(BUILT_PRODUCTS_DIR)/ObservableObjectExample.app/$(BUNDLE_EXECUTABLE_FOLDER_PATH)/ObservableObjectExample";
			};
			name = Release;
		};
		2BBF11F82C19C89D0034A84B /* Debug */ = {
			isa = XCBuildConfiguration;
			buildSettings = {
				ALWAYS_EMBED_SWIFT_STANDARD_LIBRARIES = YES;
				CODE_SIGN_STYLE = Automatic;
				CURRENT_PROJECT_VERSION = 1;
				GENERATE_INFOPLIST_FILE = YES;
				IPHONEOS_DEPLOYMENT_TARGET = 17.5;
				MACOSX_DEPLOYMENT_TARGET = 14.5;
				MARKETING_VERSION = 1.0;
				PRODUCT_BUNDLE_IDENTIFIER = ObservableObjectExample.ObservableObjectExampleUITests;
				PRODUCT_NAME = "$(TARGET_NAME)";
				SDKROOT = auto;
				SUPPORTED_PLATFORMS = "iphoneos iphonesimulator macosx";
				SWIFT_EMIT_LOC_STRINGS = NO;
				SWIFT_VERSION = 5.0;
				TARGETED_DEVICE_FAMILY = "1,2";
				TEST_TARGET_NAME = ObservableObjectExample;
			};
			name = Debug;
		};
		2BBF11F92C19C89D0034A84B /* Release */ = {
			isa = XCBuildConfiguration;
			buildSettings = {
				ALWAYS_EMBED_SWIFT_STANDARD_LIBRARIES = YES;
				CODE_SIGN_STYLE = Automatic;
				CURRENT_PROJECT_VERSION = 1;
				GENERATE_INFOPLIST_FILE = YES;
				IPHONEOS_DEPLOYMENT_TARGET = 17.5;
				MACOSX_DEPLOYMENT_TARGET = 14.5;
				MARKETING_VERSION = 1.0;
				PRODUCT_BUNDLE_IDENTIFIER = ObservableObjectExample.ObservableObjectExampleUITests;
				PRODUCT_NAME = "$(TARGET_NAME)";
				SDKROOT = auto;
				SUPPORTED_PLATFORMS = "iphoneos iphonesimulator macosx";
				SWIFT_EMIT_LOC_STRINGS = NO;
				SWIFT_VERSION = 5.0;
				TARGETED_DEVICE_FAMILY = "1,2";
				TEST_TARGET_NAME = ObservableObjectExample;
			};
			name = Release;
		};
/* End XCBuildConfiguration section */

/* Begin XCConfigurationList section */
		2BBF11C72C19C89C0034A84B /* Build configuration list for PBXProject "ObservableObjectExample" */ = {
			isa = XCConfigurationList;
			buildConfigurations = (
				2BBF11EF2C19C89D0034A84B /* Debug */,
				2BBF11F02C19C89D0034A84B /* Release */,
			);
			defaultConfigurationIsVisible = 0;
			defaultConfigurationName = Release;
		};
		2BBF11F12C19C89D0034A84B /* Build configuration list for PBXNativeTarget "ObservableObjectExample" */ = {
			isa = XCConfigurationList;
			buildConfigurations = (
				2BBF11F22C19C89D0034A84B /* Debug */,
				2BBF11F32C19C89D0034A84B /* Release */,
			);
			defaultConfigurationIsVisible = 0;
			defaultConfigurationName = Release;
		};
		2BBF11F42C19C89D0034A84B /* Build configuration list for PBXNativeTarget "ObservableObjectExampleTests" */ = {
			isa = XCConfigurationList;
			buildConfigurations = (
				2BBF11F52C19C89D0034A84B /* Debug */,
				2BBF11F62C19C89D0034A84B /* Release */,
			);
			defaultConfigurationIsVisible = 0;
			defaultConfigurationName = Release;
		};
		2BBF11F72C19C89D0034A84B /* Build configuration list for PBXNativeTarget "ObservableObjectExampleUITests" */ = {
			isa = XCConfigurationList;
			buildConfigurations = (
				2BBF11F82C19C89D0034A84B /* Debug */,
				2BBF11F92C19C89D0034A84B /* Release */,
			);
			defaultConfigurationIsVisible = 0;
			defaultConfigurationName = Release;
		};
/* End XCConfigurationList section */
	};
	rootObject = 2BBF11C42C19C89C0034A84B /* Project object */;
}
